
Microsoft Visual Studio Solution File, Format Version 12.00
# Visual Studio 2012
Project("{FAE04EC0-301F-11D3-BF4B-00C04F79EFBC}") = "Chapter1", "Chapter1\Chapter1.csproj", "{126565F8-2865-4C6B-9345-258291552D63}"
EndProject
Project("{FAE04EC0-301F-11D3-BF4B-00C04F79EFBC}") = "Chapter2", "Chapter2\Chapter2.csproj", "{44D55975-CFC7-495E-B2B6-AEA1F6E484CE}"
EndProject
Project("{FAE04EC0-301F-11D3-BF4B-00C04F79EFBC}") = "Common", "Common\Common.csproj", "{F3D0B0F0-D918-4653-8B84-83C25C9FC67C}"
EndProject
Global
	GlobalSection(SolutionConfigurationPlatforms) = preSolution
		Debug|Any CPU = Debug|Any CPU
		Release|Any CPU = Release|Any CPU
	EndGlobalSection
	GlobalSection(ProjectConfigurationPlatforms) = postSolution
		{126565F8-2865-4C6B-9345-258291552D63}.Debug|Any CPU.ActiveCfg = Debug|Any CPU
		{126565F8-2865-4C6B-9345-258291552D63}.Debug|Any CPU.Build.0 = Debug|Any CPU
		{126565F8-2865-4C6B-9345-258291552D63}.Release|Any CPU.ActiveCfg = Release|Any CPU
		{126565F8-2865-4C6B-9345-258291552D63}.Release|Any CPU.Build.0 = Release|Any CPU
		{44D55975-CFC7-495E-B2B6-AEA1F6E484CE}.Debug|Any CPU.ActiveCfg = Debug|Any CPU
		{44D55975-CFC7-495E-B2B6-AEA1F6E484CE}.Debug|Any CPU.Build.0 = Debug|Any CPU
		{44D55975-CFC7-495E-B2B6-AEA1F6E484CE}.Release|Any CPU.ActiveCfg = Release|Any CPU
		{44D55975-CFC7-495E-B2B6-AEA1F6E484CE}.Release|Any CPU.Build.0 = Release|Any CPU
		{F3D0B0F0-D918-4653-8B84-83C25C9FC67C}.Debug|Any CPU.ActiveCfg = Debug|Any CPU
		{F3D0B0F0-D918-4653-8B84-83C25C9FC67C}.Debug|Any CPU.Build.0 = Debug|Any CPU
		{F3D0B0F0-D918-4653-8B84-83C25C9FC67C}.Release|Any CPU.ActiveCfg = Release|Any CPU
		{F3D0B0F0-D918-4653-8B84-83C25C9FC67C}.Release|Any CPU.Build.0 = Release|Any CPU
	EndGlobalSection
	GlobalSection(SolutionProperties) = preSolution
		HideSolutionNode = FALSE
	EndGlobalSection
EndGlobal
